
Microsoft Visual Studio Solution File, Format Version 12.00
# Visual Studio 15
VisualStudioVersion = 15.0.28307.421
MinimumVisualStudioVersion = 10.0.40219.1
Project("{FAE04EC0-301F-11D3-BF4B-00C04F79EFBC}") = "ConsoleApp1", "ConsoleApp1.csproj", "{07DBA6DC-8AA3-49D9-968C-CBBDCD181941}"
EndProject
Global
	GlobalSection(SolutionConfigurationPlatforms) = preSolution
		Debug|Any CPU = Debug|Any CPU
		Release|Any CPU = Release|Any CPU
	EndGlobalSection
	GlobalSection(ProjectConfigurationPlatforms) = postSolution
		{07DBA6DC-8AA3-49D9-968C-CBBDCD181941}.Debug|Any CPU.ActiveCfg = Debug|Any CPU
		{07DBA6DC-8AA3-49D9-968C-CBBDCD181941}.Debug|Any CPU.Build.0 = Debug|Any CPU
		{07DBA6DC-8AA3-49D9-968C-CBBDCD181941}.Release|Any CPU.ActiveCfg = Release|Any CPU
		{07DBA6DC-8AA3-49D9-968C-CBBDCD181941}.Release|Any CPU.Build.0 = Release|Any CPU
	EndGlobalSection
	GlobalSection(SolutionProperties) = preSolution
		HideSolutionNode = FALSE
	EndGlobalSection
	GlobalSection(ExtensibilityGlobals) = postSolution
		SolutionGuid = {1A15394A-0E84-4F1D-B831-356B4DC5E33D}
	EndGlobalSection
EndGlobal
