
Microsoft Visual Studio Solution File, Format Version 12.00
# Visual Studio 15
VisualStudioVersion = 15.0.28307.421
MinimumVisualStudioVersion = 10.0.40219.1
Project("{FAE04EC0-301F-11D3-BF4B-00C04F79EFBC}") = "ConsoleApp1", "ConsoleApp1\ConsoleApp1.csproj", "{69056482-586B-4B21-858A-39D2A12DB5FD}"
EndProject
Project("{FAE04EC0-301F-11D3-BF4B-00C04F79EFBC}") = "Dates", "Dates\Dates.csproj", "{D8ABC784-0932-4D0A-9C2E-85E7EEDE1ABB}"
EndProject
Global
	GlobalSection(SolutionConfigurationPlatforms) = preSolution
		Debug|Any CPU = Debug|Any CPU
		Release|Any CPU = Release|Any CPU
	EndGlobalSection
	GlobalSection(ProjectConfigurationPlatforms) = postSolution
		{69056482-586B-4B21-858A-39D2A12DB5FD}.Debug|Any CPU.ActiveCfg = Debug|Any CPU
		{69056482-586B-4B21-858A-39D2A12DB5FD}.Debug|Any CPU.Build.0 = Debug|Any CPU
		{69056482-586B-4B21-858A-39D2A12DB5FD}.Release|Any CPU.ActiveCfg = Release|Any CPU
		{69056482-586B-4B21-858A-39D2A12DB5FD}.Release|Any CPU.Build.0 = Release|Any CPU
		{D8ABC784-0932-4D0A-9C2E-85E7EEDE1ABB}.Debug|Any CPU.ActiveCfg = Debug|Any CPU
		{D8ABC784-0932-4D0A-9C2E-85E7EEDE1ABB}.Debug|Any CPU.Build.0 = Debug|Any CPU
		{D8ABC784-0932-4D0A-9C2E-85E7EEDE1ABB}.Release|Any CPU.ActiveCfg = Release|Any CPU
		{D8ABC784-0932-4D0A-9C2E-85E7EEDE1ABB}.Release|Any CPU.Build.0 = Release|Any CPU
	EndGlobalSection
	GlobalSection(SolutionProperties) = preSolution
		HideSolutionNode = FALSE
	EndGlobalSection
	GlobalSection(ExtensibilityGlobals) = postSolution
		SolutionGuid = {8E109B92-8F0A-4F51-9FDF-3958A9DE3082}
	EndGlobalSection
EndGlobal
