
Microsoft Visual Studio Solution File, Format Version 12.00
# Visual Studio 15
VisualStudioVersion = 15.0.28307.421
MinimumVisualStudioVersion = 10.0.40219.1
Project("{FAE04EC0-301F-11D3-BF4B-00C04F79EFBC}") = "E-Shop", "E-Shop.csproj", "{031FACCE-D05F-4DD0-9E00-FCD613A8D03C}"
EndProject
Global
	GlobalSection(SolutionConfigurationPlatforms) = preSolution
		Debug|Any CPU = Debug|Any CPU
		Release|Any CPU = Release|Any CPU
	EndGlobalSection
	GlobalSection(ProjectConfigurationPlatforms) = postSolution
		{031FACCE-D05F-4DD0-9E00-FCD613A8D03C}.Debug|Any CPU.ActiveCfg = Debug|Any CPU
		{031FACCE-D05F-4DD0-9E00-FCD613A8D03C}.Debug|Any CPU.Build.0 = Debug|Any CPU
		{031FACCE-D05F-4DD0-9E00-FCD613A8D03C}.Release|Any CPU.ActiveCfg = Release|Any CPU
		{031FACCE-D05F-4DD0-9E00-FCD613A8D03C}.Release|Any CPU.Build.0 = Release|Any CPU
	EndGlobalSection
	GlobalSection(SolutionProperties) = preSolution
		HideSolutionNode = FALSE
	EndGlobalSection
	GlobalSection(ExtensibilityGlobals) = postSolution
		SolutionGuid = {6C8B61CC-9C65-4BF3-BFAE-76B81533B750}
	EndGlobalSection
EndGlobal
